PODS:
  - Alamofire (5.6.2)
  - Differentiator (5.0.0)
  - KakaoSDKAuth (2.11.1):
    - KakaoSDKCommon (= 2.11.1)
  - KakaoSDKCommon (2.11.1):
    - KakaoSDKCommon/Common (= 2.11.1)
    - KakaoSDKCommon/Network (= 2.11.1)
  - KakaoSDKCommon/Common (2.11.1)
  - KakaoSDKCommon/Network (2.11.1):
    - Alamofire (~> 5.1)
    - KakaoSDKCommon/Common (= 2.11.1)
  - KakaoSDKUser (2.11.1):
    - KakaoSDKAuth (= 2.11.1)
  - Kingfisher (7.3.2)
  - naveridlogin-sdk-ios (4.1.5)
  - RxAlamofire (6.1.1):
    - RxAlamofire/Core (= 6.1.1)
  - RxAlamofire/Core (6.1.1):
    - Alamofire (~> 5.4)
    - RxSwift (~> 6.0)
  - RxCocoa (6.5.0):
    - RxRelay (= 6.5.0)
    - RxSwift (= 6.5.0)
  - RxDataSources (5.0.0):
    - Differentiator (~> 5.0)
    - RxCocoa (~> 6.0)
    - RxSwift (~> 6.0)
  - RxKakaoSDKAuth (2.11.1):
    - KakaoSDKAuth (= 2.11.1)
    - RxKakaoSDKCommon (= 2.11.1)
  - RxKakaoSDKCommon (2.11.1):
    - RxKakaoSDKCommon/Common (= 2.11.1)
    - RxKakaoSDKCommon/Network (= 2.11.1)
  - RxKakaoSDKCommon/Common (2.11.1):
    - KakaoSDKCommon/Common (= 2.11.1)
    - RxCocoa
    - RxSwift (~> 6.0)
  - RxKakaoSDKCommon/Network (2.11.1):
    - KakaoSDKCommon/Network (= 2.11.1)
    - RxAlamofire (~> 6.0)
    - RxKakaoSDKCommon/Common (= 2.11.1)
  - RxKakaoSDKUser (2.11.1):
    - KakaoSDKUser (= 2.11.1)
    - RxKakaoSDKAuth (= 2.11.1)
  - RxRelay (6.5.0):
    - RxSwift (= 6.5.0)
  - RxSwift (6.5.0)
  - RxViewController (2.0.0):
    - RxCocoa (~> 6.0)
    - RxSwift (~> 6.0)
  - SnapKit (5.0.1)
  - SwiftKeychainWrapper (4.0.1)
  - Then (3.0.0)

DEPENDENCIES:
  - Kingfisher (~> 7.0)
  - naveridlogin-sdk-ios
  - RxCocoa (= 6.5.0)
  - RxDataSources (~> 5.0)
  - RxKakaoSDKAuth
  - RxKakaoSDKUser
  - RxSwift (= 6.5.0)
  - RxViewController
  - SnapKit (~> 5.0.0)
  - SwiftKeychainWrapper
  - Then

SPEC REPOS:
  trunk:
    - Alamofire
    - Differentiator
    - KakaoSDKAuth
    - KakaoSDKCommon
    - KakaoSDKUser
    - Kingfisher
    - naveridlogin-sdk-ios
    - RxAlamofire
    - RxCocoa
    - RxDataSources
    - RxKakaoSDKAuth
    - RxKakaoSDKCommon
    - RxKakaoSDKUser
    - RxRelay
    - RxSwift
    - RxViewController
    - SnapKit
    - SwiftKeychainWrapper
    - Then

SPEC CHECKSUMS:
  Alamofire: d368e1ff8a298e6dde360e35a3e68e6c610e7204
  Differentiator: e8497ceab83c1b10ca233716d547b9af21b9344d
  KakaoSDKAuth: bb2dfa7be30daa8403c9cfc8001aa6fde7a5b779
  KakaoSDKCommon: 555e1bb46595b842ded01cf7888cc17bbae4e113
  KakaoSDKUser: 08c0a4f40bebdebdf948a9e3d0e44ed5c2754f99
  Kingfisher: 0086ad83719761ba9b2cdaf6ef4d5b4878cbae23
  naveridlogin-sdk-ios: 4351fe7162cd6b8b6dbb37bd7cc205304fa1d889
  RxAlamofire: beb75a1c452d0de225651db4903f5d29d034a620
  RxCocoa: 94f817b71c07517321eb4f9ad299112ca8af743b
  RxDataSources: aa47cc1ed6c500fa0dfecac5c979b723542d79cf
  RxKakaoSDKAuth: 7a484692e63d1318db249ee04efd74c57a94daad
  RxKakaoSDKCommon: f71c4ca447ee3fd71688aa17f8c0cc6be913071d
  RxKakaoSDKUser: 81a8735e0df352003d22a1bf3ad5a45bce9b471b
  RxRelay: 1de1523e604c72b6c68feadedd1af3b1b4d0ecbd
  RxSwift: 5710a9e6b17f3c3d6e40d6e559b9fa1e813b2ef8
  RxViewController: 56486fa0afd629a1d6b5ba077f3b8cd9dc31b5d2
  SnapKit: 97b92857e3df3a0c71833cce143274bf6ef8e5eb
  SwiftKeychainWrapper: 807ba1d63c33a7d0613288512399cd1eda1e470c
  Then: 844265ae87834bbe1147d91d5d41a404da2ec27d

PODFILE CHECKSUM: 2a91fa2b733f2d2e3a68ddb4f22cf9a55126dac7

COCOAPODS: 1.11.3
