// !$*UTF8*$!
{
	archiveVersion = 1;
	classes = {
	};
	objectVersion = 55;
	objects = {

/* Begin PBXBuildFile section */
		8264C21FBC48D22BCC90B0D5 /* Pods_GreenRoom.framework in Frameworks */ = {isa = PBXBuildFile; fileRef = 48A2A5400036D7B484D9CF77 /* Pods_GreenRoom.framework */; };
		DB53AE9F289F967800E9A5CC /* RegisterCompleteViewControlller.swift in Sources */ = {isa = PBXBuildFile; fileRef = DB53AE9E289F967700E9A5CC /* RegisterCompleteViewControlller.swift */; };
		DB563F9A28ABADDF00E7193D /* RxNaverThirdPartyLoginProxy.swift in Sources */ = {isa = PBXBuildFile; fileRef = DB563F9928ABADDF00E7193D /* RxNaverThirdPartyLoginProxy.swift */; };
		DB563F9C28AD407400E7193D /* Extension.swift in Sources */ = {isa = PBXBuildFile; fileRef = DB563F9B28AD407400E7193D /* Extension.swift */; };
		DB563F9E28AE266D00E7193D /* CategoryViewModel.swift in Sources */ = {isa = PBXBuildFile; fileRef = DB563F9D28AE266D00E7193D /* CategoryViewModel.swift */; };
		DB563FA028AF841400E7193D /* RxAppleLoginProxy.swift in Sources */ = {isa = PBXBuildFile; fileRef = DB563F9F28AF841400E7193D /* RxAppleLoginProxy.swift */; };
		DB797A99289B9BFF00ADF65F /* RegisterNameViewController.swift in Sources */ = {isa = PBXBuildFile; fileRef = DB797A98289B9BFF00ADF65F /* RegisterNameViewController.swift */; };
		DB797A9B289BC0D800ADF65F /* RegisterCategoryViewController.swift in Sources */ = {isa = PBXBuildFile; fileRef = DB797A9A289BC0D800ADF65F /* RegisterCategoryViewController.swift */; };
		DB9CF9BE289E81FE0091B705 /* CateogryCell.swift in Sources */ = {isa = PBXBuildFile; fileRef = DB9CF9BD289E81FE0091B705 /* CateogryCell.swift */; };
		DBBA9481289968CD00264405 /* PaddingLabel.swift in Sources */ = {isa = PBXBuildFile; fileRef = DBBA9480289968CD00264405 /* PaddingLabel.swift */; };
		DBD0821D2897E6EE0092241F /* AppDelegate.swift in Sources */ = {isa = PBXBuildFile; fileRef = DBD0821C2897E6EE0092241F /* AppDelegate.swift */; };
		DBD0821F2897E6EE0092241F /* SceneDelegate.swift in Sources */ = {isa = PBXBuildFile; fileRef = DBD0821E2897E6EE0092241F /* SceneDelegate.swift */; };
		DBD082262897E6F30092241F /* Assets.xcassets in Resources */ = {isa = PBXBuildFile; fileRef = DBD082252897E6F30092241F /* Assets.xcassets */; };
		DBD082292897E6F30092241F /* LaunchScreen.storyboard in Resources */ = {isa = PBXBuildFile; fileRef = DBD082272897E6F30092241F /* LaunchScreen.storyboard */; };
		DBD082512897E75B0092241F /* LoginViewModel.swift in Sources */ = {isa = PBXBuildFile; fileRef = DBD082392897E75A0092241F /* LoginViewModel.swift */; };
		DBD082522897E75B0092241F /* GreenViewModel.swift in Sources */ = {isa = PBXBuildFile; fileRef = DBD0823A2897E75A0092241F /* GreenViewModel.swift */; };
		DBD082532897E75B0092241F /* KeywordViewModel.swift in Sources */ = {isa = PBXBuildFile; fileRef = DBD0823B2897E75A0092241F /* KeywordViewModel.swift */; };
		DBD082542897E75B0092241F /* MyPageViewModel.swift in Sources */ = {isa = PBXBuildFile; fileRef = DBD0823C2897E75A0092241F /* MyPageViewModel.swift */; };
		DBD082552897E75B0092241F /* GreenRoomViewController.swift in Sources */ = {isa = PBXBuildFile; fileRef = DBD0823F2897E75A0092241F /* GreenRoomViewController.swift */; };
		DBD082562897E75B0092241F /* MyPageViewController.swift in Sources */ = {isa = PBXBuildFile; fileRef = DBD082412897E75A0092241F /* MyPageViewController.swift */; };
		DBD082572897E75B0092241F /* KeywordViewController.swift in Sources */ = {isa = PBXBuildFile; fileRef = DBD082432897E75A0092241F /* KeywordViewController.swift */; };
		DBD082592897E75B0092241F /* TempGreen.swift in Sources */ = {isa = PBXBuildFile; fileRef = DBD082482897E75A0092241F /* TempGreen.swift */; };
		DBD0825A2897E75B0092241F /* ProfileCell.swift in Sources */ = {isa = PBXBuildFile; fileRef = DBD0824A2897E75A0092241F /* ProfileCell.swift */; };
		DBD0825B2897E75B0092241F /* SearchBarView.swift in Sources */ = {isa = PBXBuildFile; fileRef = DBD0824C2897E75A0092241F /* SearchBarView.swift */; };
		DBD0825D2897E75B0092241F /* LoginModel.swift in Sources */ = {isa = PBXBuildFile; fileRef = DBD082502897E75B0092241F /* LoginModel.swift */; };
		DBD082602897E7740092241F /* LoginService.swift in Sources */ = {isa = PBXBuildFile; fileRef = DBD0825F2897E7740092241F /* LoginService.swift */; };
		DBE7A54A28996BCE00E9A4E9 /* LoginViewController.swift in Sources */ = {isa = PBXBuildFile; fileRef = DBE7A54928996BCE00E9A4E9 /* LoginViewController.swift */; };
		DBE7A54F28996C2000E9A4E9 /* CheckLabel.swift in Sources */ = {isa = PBXBuildFile; fileRef = DBE7A54E28996C2000E9A4E9 /* CheckLabel.swift */; };
		DBFB296A28B2267A00B1DAC9 /* FilterItemsCell.swift in Sources */ = {isa = PBXBuildFile; fileRef = DBFB296928B2267A00B1DAC9 /* FilterItemsCell.swift */; };
		DBFB296E28B26F5B00B1DAC9 /* CustomSegmentedControl.swift in Sources */ = {isa = PBXBuildFile; fileRef = DBFB296D28B26F5B00B1DAC9 /* CustomSegmentedControl.swift */; };
		DBFB297028B351F400B1DAC9 /* QuestionListCell.swift in Sources */ = {isa = PBXBuildFile; fileRef = DBFB296F28B351F400B1DAC9 /* QuestionListCell.swift */; };
		DBFB297228B377EB00B1DAC9 /* CategoryFilterView.swift in Sources */ = {isa = PBXBuildFile; fileRef = DBFB297128B377EA00B1DAC9 /* CategoryFilterView.swift */; };
		E4141AB328AF4499004D74B3 /* Storage.swift in Sources */ = {isa = PBXBuildFile; fileRef = E4141AB228AF4499004D74B3 /* Storage.swift */; };
		E4141ABA28AF5199004D74B3 /* FAQ.swift in Sources */ = {isa = PBXBuildFile; fileRef = E4141AB928AF5199004D74B3 /* FAQ.swift */; };
		E4141ABC28AF528E004D74B3 /* FAQCell.swift in Sources */ = {isa = PBXBuildFile; fileRef = E4141ABB28AF528E004D74B3 /* FAQCell.swift */; };
		E4141ACA28AF79E7004D74B3 /* QNAViewController.swift in Sources */ = {isa = PBXBuildFile; fileRef = E4141AC828AF79E7004D74B3 /* QNAViewController.swift */; };
		E4141ACB28AF79E7004D74B3 /* FAQViewController.swift in Sources */ = {isa = PBXBuildFile; fileRef = E4141AC928AF79E7004D74B3 /* FAQViewController.swift */; };
		E46539D928ACD77600F17A6C /* Utilities.swift in Sources */ = {isa = PBXBuildFile; fileRef = E46539D828ACD77600F17A6C /* Utilities.swift */; };
		E46539DC28ACDAD100F17A6C /* SetNotificationRow.swift in Sources */ = {isa = PBXBuildFile; fileRef = E46539DB28ACDAD100F17A6C /* SetNotificationRow.swift */; };
		E46539E428AD33C700F17A6C /* EditProfileInfoViewController.swift in Sources */ = {isa = PBXBuildFile; fileRef = E46539E328AD33C700F17A6C /* EditProfileInfoViewController.swift */; };
		E46539E928AD3F2800F17A6C /* SFProText-Regular.otf in Resources */ = {isa = PBXBuildFile; fileRef = E46539E628AD3F2800F17A6C /* SFProText-Regular.otf */; };
		E46539EA28AD3F2800F17A6C /* SFPro.ttf in Resources */ = {isa = PBXBuildFile; fileRef = E46539E728AD3F2800F17A6C /* SFPro.ttf */; };
		E46539EB28AD3F2800F17A6C /* SFProText-Bold.otf in Resources */ = {isa = PBXBuildFile; fileRef = E46539E828AD3F2800F17A6C /* SFProText-Bold.otf */; };
		E470539528AB81EC00884B56 /* MyPageModel.swift in Sources */ = {isa = PBXBuildFile; fileRef = E470539428AB81EC00884B56 /* MyPageModel.swift */; };
		E470539728AB856D00884B56 /* SettingHeader.swift in Sources */ = {isa = PBXBuildFile; fileRef = E470539628AB856D00884B56 /* SettingHeader.swift */; };
		E470539928AB882900884B56 /* SettingRow.swift in Sources */ = {isa = PBXBuildFile; fileRef = E470539828AB882900884B56 /* SettingRow.swift */; };
		E4C8AE6928B35519007E010D /* UserService.swift in Sources */ = {isa = PBXBuildFile; fileRef = E4C8AE6828B35519007E010D /* UserService.swift */; };
		E4C8AE6B28B35533007E010D /* User.swift in Sources */ = {isa = PBXBuildFile; fileRef = E4C8AE6A28B35533007E010D /* User.swift */; };
/* End PBXBuildFile section */

/* Begin PBXFileReference section */
		01F73F46BE997DB9539026B9 /* Pods-GreenRoom.debug.xcconfig */ = {isa = PBXFileReference; includeInIndex = 1; lastKnownFileType = text.xcconfig; name = "Pods-GreenRoom.debug.xcconfig"; path = "Target Support Files/Pods-GreenRoom/Pods-GreenRoom.debug.xcconfig"; sourceTree = "<group>"; };
		48A2A5400036D7B484D9CF77 /* Pods_GreenRoom.framework */ = {isa = PBXFileReference; explicitFileType = wrapper.framework; includeInIndex = 0; path = Pods_GreenRoom.framework; sourceTree = BUILT_PRODUCTS_DIR; };
		C657AA73E3298A49BA775B7C /* Pods-GreenRoom.release.xcconfig */ = {isa = PBXFileReference; includeInIndex = 1; lastKnownFileType = text.xcconfig; name = "Pods-GreenRoom.release.xcconfig"; path = "Target Support Files/Pods-GreenRoom/Pods-GreenRoom.release.xcconfig"; sourceTree = "<group>"; };
		DB05246728B47F58003209D4 /* SFProText-Semibold.otf */ = {isa = PBXFileReference; lastKnownFileType = file; path = "SFProText-Semibold.otf"; sourceTree = "<group>"; };
		DB53AE9E289F967700E9A5CC /* RegisterCompleteViewControlller.swift */ = {isa = PBXFileReference; lastKnownFileType = sourcecode.swift; path = RegisterCompleteViewControlller.swift; sourceTree = "<group>"; };
		DB563F9928ABADDF00E7193D /* RxNaverThirdPartyLoginProxy.swift */ = {isa = PBXFileReference; fileEncoding = 4; lastKnownFileType = sourcecode.swift; path = RxNaverThirdPartyLoginProxy.swift; sourceTree = "<group>"; };
		DB563F9B28AD407400E7193D /* Extension.swift */ = {isa = PBXFileReference; fileEncoding = 4; lastKnownFileType = sourcecode.swift; name = Extension.swift; path = GreenRoom/Utils/Extension.swift; sourceTree = SOURCE_ROOT; };
		DB563F9D28AE266D00E7193D /* CategoryViewModel.swift */ = {isa = PBXFileReference; lastKnownFileType = sourcecode.swift; path = CategoryViewModel.swift; sourceTree = "<group>"; };
		DB563F9F28AF841400E7193D /* RxAppleLoginProxy.swift */ = {isa = PBXFileReference; lastKnownFileType = sourcecode.swift; path = RxAppleLoginProxy.swift; sourceTree = "<group>"; };
		DB6AABB9289FEEEA0061D716 /* GreenRoom.entitlements */ = {isa = PBXFileReference; lastKnownFileType = text.plist.entitlements; path = GreenRoom.entitlements; sourceTree = "<group>"; };
		DB797A98289B9BFF00ADF65F /* RegisterNameViewController.swift */ = {isa = PBXFileReference; lastKnownFileType = sourcecode.swift; path = RegisterNameViewController.swift; sourceTree = "<group>"; };
		DB797A9A289BC0D800ADF65F /* RegisterCategoryViewController.swift */ = {isa = PBXFileReference; lastKnownFileType = sourcecode.swift; path = RegisterCategoryViewController.swift; sourceTree = "<group>"; };
		DB9CF9BD289E81FE0091B705 /* CateogryCell.swift */ = {isa = PBXFileReference; lastKnownFileType = sourcecode.swift; path = CateogryCell.swift; sourceTree = "<group>"; };
		DBBA9480289968CD00264405 /* PaddingLabel.swift */ = {isa = PBXFileReference; fileEncoding = 4; lastKnownFileType = sourcecode.swift; path = PaddingLabel.swift; sourceTree = "<group>"; };
		DBD082192897E6EE0092241F /* GreenRoom.app */ = {isa = PBXFileReference; explicitFileType = wrapper.application; includeInIndex = 0; path = GreenRoom.app; sourceTree = BUILT_PRODUCTS_DIR; };
		DBD0821C2897E6EE0092241F /* AppDelegate.swift */ = {isa = PBXFileReference; lastKnownFileType = sourcecode.swift; path = AppDelegate.swift; sourceTree = "<group>"; };
		DBD0821E2897E6EE0092241F /* SceneDelegate.swift */ = {isa = PBXFileReference; lastKnownFileType = sourcecode.swift; path = SceneDelegate.swift; sourceTree = "<group>"; };
		DBD082252897E6F30092241F /* Assets.xcassets */ = {isa = PBXFileReference; lastKnownFileType = folder.assetcatalog; path = Assets.xcassets; sourceTree = "<group>"; };
		DBD082282897E6F30092241F /* Base */ = {isa = PBXFileReference; lastKnownFileType = file.storyboard; name = Base; path = Base.lproj/LaunchScreen.storyboard; sourceTree = "<group>"; };
		DBD0822A2897E6F30092241F /* Info.plist */ = {isa = PBXFileReference; lastKnownFileType = text.plist.xml; path = Info.plist; sourceTree = "<group>"; };
		DBD082392897E75A0092241F /* LoginViewModel.swift */ = {isa = PBXFileReference; fileEncoding = 4; lastKnownFileType = sourcecode.swift; path = LoginViewModel.swift; sourceTree = "<group>"; };
		DBD0823A2897E75A0092241F /* GreenViewModel.swift */ = {isa = PBXFileReference; fileEncoding = 4; lastKnownFileType = sourcecode.swift; path = GreenViewModel.swift; sourceTree = "<group>"; };
		DBD0823B2897E75A0092241F /* KeywordViewModel.swift */ = {isa = PBXFileReference; fileEncoding = 4; lastKnownFileType = sourcecode.swift; path = KeywordViewModel.swift; sourceTree = "<group>"; };
		DBD0823C2897E75A0092241F /* MyPageViewModel.swift */ = {isa = PBXFileReference; fileEncoding = 4; lastKnownFileType = sourcecode.swift; path = MyPageViewModel.swift; sourceTree = "<group>"; };
		DBD0823F2897E75A0092241F /* GreenRoomViewController.swift */ = {isa = PBXFileReference; fileEncoding = 4; lastKnownFileType = sourcecode.swift; path = GreenRoomViewController.swift; sourceTree = "<group>"; };
		DBD082412897E75A0092241F /* MyPageViewController.swift */ = {isa = PBXFileReference; fileEncoding = 4; lastKnownFileType = sourcecode.swift; path = MyPageViewController.swift; sourceTree = "<group>"; };
		DBD082432897E75A0092241F /* KeywordViewController.swift */ = {isa = PBXFileReference; fileEncoding = 4; lastKnownFileType = sourcecode.swift; path = KeywordViewController.swift; sourceTree = "<group>"; };
		DBD082482897E75A0092241F /* TempGreen.swift */ = {isa = PBXFileReference; fileEncoding = 4; lastKnownFileType = sourcecode.swift; path = TempGreen.swift; sourceTree = "<group>"; };
		DBD0824A2897E75A0092241F /* ProfileCell.swift */ = {isa = PBXFileReference; fileEncoding = 4; lastKnownFileType = sourcecode.swift; path = ProfileCell.swift; sourceTree = "<group>"; };
		DBD0824C2897E75A0092241F /* SearchBarView.swift */ = {isa = PBXFileReference; fileEncoding = 4; lastKnownFileType = sourcecode.swift; path = SearchBarView.swift; sourceTree = "<group>"; };
		DBD082502897E75B0092241F /* LoginModel.swift */ = {isa = PBXFileReference; fileEncoding = 4; lastKnownFileType = sourcecode.swift; path = LoginModel.swift; sourceTree = "<group>"; };
		DBD0825F2897E7740092241F /* LoginService.swift */ = {isa = PBXFileReference; fileEncoding = 4; lastKnownFileType = sourcecode.swift; path = LoginService.swift; sourceTree = "<group>"; };
		DBE7A54928996BCE00E9A4E9 /* LoginViewController.swift */ = {isa = PBXFileReference; lastKnownFileType = sourcecode.swift; path = LoginViewController.swift; sourceTree = "<group>"; };
		DBE7A54E28996C2000E9A4E9 /* CheckLabel.swift */ = {isa = PBXFileReference; lastKnownFileType = sourcecode.swift; path = CheckLabel.swift; sourceTree = "<group>"; };
		DBFB296928B2267A00B1DAC9 /* FilterItemsCell.swift */ = {isa = PBXFileReference; lastKnownFileType = sourcecode.swift; path = FilterItemsCell.swift; sourceTree = "<group>"; };
		DBFB296D28B26F5B00B1DAC9 /* CustomSegmentedControl.swift */ = {isa = PBXFileReference; lastKnownFileType = sourcecode.swift; path = CustomSegmentedControl.swift; sourceTree = "<group>"; };
		DBFB296F28B351F400B1DAC9 /* QuestionListCell.swift */ = {isa = PBXFileReference; lastKnownFileType = sourcecode.swift; path = QuestionListCell.swift; sourceTree = "<group>"; };
		DBFB297128B377EA00B1DAC9 /* CategoryFilterView.swift */ = {isa = PBXFileReference; lastKnownFileType = sourcecode.swift; path = CategoryFilterView.swift; sourceTree = "<group>"; };
		E4141AB228AF4499004D74B3 /* Storage.swift */ = {isa = PBXFileReference; lastKnownFileType = sourcecode.swift; path = Storage.swift; sourceTree = "<group>"; };
		E4141AB928AF5199004D74B3 /* FAQ.swift */ = {isa = PBXFileReference; lastKnownFileType = sourcecode.swift; path = FAQ.swift; sourceTree = "<group>"; };
		E4141ABB28AF528E004D74B3 /* FAQCell.swift */ = {isa = PBXFileReference; lastKnownFileType = sourcecode.swift; path = FAQCell.swift; sourceTree = "<group>"; };
		E4141AC828AF79E7004D74B3 /* QNAViewController.swift */ = {isa = PBXFileReference; fileEncoding = 4; lastKnownFileType = sourcecode.swift; path = QNAViewController.swift; sourceTree = "<group>"; };
		E4141AC928AF79E7004D74B3 /* FAQViewController.swift */ = {isa = PBXFileReference; fileEncoding = 4; lastKnownFileType = sourcecode.swift; path = FAQViewController.swift; sourceTree = "<group>"; };
		E46539D828ACD77600F17A6C /* Utilities.swift */ = {isa = PBXFileReference; lastKnownFileType = sourcecode.swift; path = Utilities.swift; sourceTree = "<group>"; };
		E46539DB28ACDAD100F17A6C /* SetNotificationRow.swift */ = {isa = PBXFileReference; lastKnownFileType = sourcecode.swift; path = SetNotificationRow.swift; sourceTree = "<group>"; };
		E46539E328AD33C700F17A6C /* EditProfileInfoViewController.swift */ = {isa = PBXFileReference; lastKnownFileType = sourcecode.swift; path = EditProfileInfoViewController.swift; sourceTree = "<group>"; };
		E46539E628AD3F2800F17A6C /* SFProText-Regular.otf */ = {isa = PBXFileReference; lastKnownFileType = file; name = "SFProText-Regular.otf"; path = "GreenRoom/Resource/Font/SFProText-Regular.otf"; sourceTree = SOURCE_ROOT; };
		E46539E728AD3F2800F17A6C /* SFPro.ttf */ = {isa = PBXFileReference; lastKnownFileType = file; path = SFPro.ttf; sourceTree = "<group>"; };
		E46539E828AD3F2800F17A6C /* SFProText-Bold.otf */ = {isa = PBXFileReference; lastKnownFileType = file; path = "SFProText-Bold.otf"; sourceTree = "<group>"; };
		E470539428AB81EC00884B56 /* MyPageModel.swift */ = {isa = PBXFileReference; lastKnownFileType = sourcecode.swift; path = MyPageModel.swift; sourceTree = "<group>"; };
		E470539628AB856D00884B56 /* SettingHeader.swift */ = {isa = PBXFileReference; lastKnownFileType = sourcecode.swift; path = SettingHeader.swift; sourceTree = "<group>"; };
		E470539828AB882900884B56 /* SettingRow.swift */ = {isa = PBXFileReference; lastKnownFileType = sourcecode.swift; path = SettingRow.swift; sourceTree = "<group>"; };
		E4C8AE6828B35519007E010D /* UserService.swift */ = {isa = PBXFileReference; lastKnownFileType = sourcecode.swift; path = UserService.swift; sourceTree = "<group>"; };
		E4C8AE6A28B35533007E010D /* User.swift */ = {isa = PBXFileReference; lastKnownFileType = sourcecode.swift; path = User.swift; sourceTree = "<group>"; };
/* End PBXFileReference section */

/* Begin PBXFrameworksBuildPhase section */
		DBD082162897E6EE0092241F /* Frameworks */ = {
			isa = PBXFrameworksBuildPhase;
			buildActionMask = 2147483647;
			files = (
				8264C21FBC48D22BCC90B0D5 /* Pods_GreenRoom.framework in Frameworks */,
			);
			runOnlyForDeploymentPostprocessing = 0;
		};
/* End PBXFrameworksBuildPhase section */

/* Begin PBXGroup section */
		45DDA4D3709C88C43BEF3965 /* Pods */ = {
			isa = PBXGroup;
			children = (
				01F73F46BE997DB9539026B9 /* Pods-GreenRoom.debug.xcconfig */,
				C657AA73E3298A49BA775B7C /* Pods-GreenRoom.release.xcconfig */,
			);
			path = Pods;
			sourceTree = "<group>";
		};
		881722C2169A34B903D7B632 /* Frameworks */ = {
			isa = PBXGroup;
			children = (
				48A2A5400036D7B484D9CF77 /* Pods_GreenRoom.framework */,
			);
			name = Frameworks;
			sourceTree = "<group>";
		};
		DB9CF9BA289E27650091B705 /* Category */ = {
			isa = PBXGroup;
			children = (
				DB9CF9BD289E81FE0091B705 /* CateogryCell.swift */,
			);
			path = Category;
			sourceTree = "<group>";
		};
		DBBA947F289968CD00264405 /* Custom */ = {
			isa = PBXGroup;
			children = (
				DBBA9480289968CD00264405 /* PaddingLabel.swift */,
				DB563F9928ABADDF00E7193D /* RxNaverThirdPartyLoginProxy.swift */,
				DB563F9F28AF841400E7193D /* RxAppleLoginProxy.swift */,
			);
			path = Custom;
			sourceTree = "<group>";
		};
		DBD082102897E6EE0092241F = {
			isa = PBXGroup;
			children = (
				DBD0821B2897E6EE0092241F /* GreenRoom */,
				DBD0821A2897E6EE0092241F /* Products */,
				45DDA4D3709C88C43BEF3965 /* Pods */,
				881722C2169A34B903D7B632 /* Frameworks */,
			);
			sourceTree = "<group>";
		};
		DBD0821A2897E6EE0092241F /* Products */ = {
			isa = PBXGroup;
			children = (
				DBD082192897E6EE0092241F /* GreenRoom.app */,
			);
			name = Products;
			sourceTree = "<group>";
		};
		DBD0821B2897E6EE0092241F /* GreenRoom */ = {
			isa = PBXGroup;
			children = (
				DBBA947F289968CD00264405 /* Custom */,
				DBD082642897E7840092241F /* Resource */,
				DBD0825E2897E7740092241F /* Services */,
				DBD0824F2897E75B0092241F /* Model */,
				DBD082462897E75A0092241F /* View */,
				DBD082382897E75A0092241F /* ViewModel */,
				DBD0823D2897E75A0092241F /* Controller */,
				E46539DA28ACD77B00F17A6C /* Utils */,
				DB6AABB9289FEEEA0061D716 /* GreenRoom.entitlements */,
				DBD0821C2897E6EE0092241F /* AppDelegate.swift */,
				DBD0821E2897E6EE0092241F /* SceneDelegate.swift */,
				DBD082272897E6F30092241F /* LaunchScreen.storyboard */,
				DBD0822A2897E6F30092241F /* Info.plist */,
			);
			path = GreenRoom;
			sourceTree = "<group>";
		};
		DBD082382897E75A0092241F /* ViewModel */ = {
			isa = PBXGroup;
			children = (
				DBD082392897E75A0092241F /* LoginViewModel.swift */,
				DB563F9D28AE266D00E7193D /* CategoryViewModel.swift */,
				DBD0823A2897E75A0092241F /* GreenViewModel.swift */,
				DBD0823B2897E75A0092241F /* KeywordViewModel.swift */,
				DBD0823C2897E75A0092241F /* MyPageViewModel.swift */,
			);
			path = ViewModel;
			sourceTree = "<group>";
		};
		DBD0823D2897E75A0092241F /* Controller */ = {
			isa = PBXGroup;
			children = (
				DBE7A54828996BBF00E9A4E9 /* Authentication */,
				DBD0823E2897E75A0092241F /* Green */,
				DBD082402897E75A0092241F /* MyPage */,
				DBD082422897E75A0092241F /* Keyword */,
			);
			path = Controller;
			sourceTree = "<group>";
		};
		DBD0823E2897E75A0092241F /* Green */ = {
			isa = PBXGroup;
			children = (
				DBD0823F2897E75A0092241F /* GreenRoomViewController.swift */,
			);
			path = Green;
			sourceTree = "<group>";
		};
		DBD082402897E75A0092241F /* MyPage */ = {
			isa = PBXGroup;
			children = (
				E4141AC728AF79E7004D74B3 /* Inquiry */,
				DBD082412897E75A0092241F /* MyPageViewController.swift */,
				E46539E328AD33C700F17A6C /* EditProfileInfoViewController.swift */,
			);
			path = MyPage;
			sourceTree = "<group>";
		};
		DBD082422897E75A0092241F /* Keyword */ = {
			isa = PBXGroup;
			children = (
				DBD082432897E75A0092241F /* KeywordViewController.swift */,
			);
			path = Keyword;
			sourceTree = "<group>";
		};
		DBD082462897E75A0092241F /* View */ = {
			isa = PBXGroup;
			children = (
				DB9CF9BA289E27650091B705 /* Category */,
				DBE7A54D28996BF500E9A4E9 /* Authentication */,
				DBD082472897E75A0092241F /* Green */,
				DBD082492897E75A0092241F /* MyPage */,
				DBD0824B2897E75A0092241F /* Keyword */,
			);
			path = View;
			sourceTree = "<group>";
		};
		DBD082472897E75A0092241F /* Green */ = {
			isa = PBXGroup;
			children = (
				DBD082482897E75A0092241F /* TempGreen.swift */,
			);
			path = Green;
			sourceTree = "<group>";
		};
		DBD082492897E75A0092241F /* MyPage */ = {
			isa = PBXGroup;
			children = (
				DBD0824A2897E75A0092241F /* ProfileCell.swift */,
				E470539628AB856D00884B56 /* SettingHeader.swift */,
				E470539828AB882900884B56 /* SettingRow.swift */,
				E46539DB28ACDAD100F17A6C /* SetNotificationRow.swift */,
				E4141ABB28AF528E004D74B3 /* FAQCell.swift */,
			);
			path = MyPage;
			sourceTree = "<group>";
		};
		DBD0824B2897E75A0092241F /* Keyword */ = {
			isa = PBXGroup;
			children = (
				DBD0824C2897E75A0092241F /* SearchBarView.swift */,
				DBFB296D28B26F5B00B1DAC9 /* CustomSegmentedControl.swift */,
				DBFB296928B2267A00B1DAC9 /* FilterItemsCell.swift */,
				DBFB296F28B351F400B1DAC9 /* QuestionListCell.swift */,
				DBFB297128B377EA00B1DAC9 /* CategoryFilterView.swift */,
			);
			path = Keyword;
			sourceTree = "<group>";
		};
		DBD0824F2897E75B0092241F /* Model */ = {
			isa = PBXGroup;
			children = (
				DBD082502897E75B0092241F /* LoginModel.swift */,
				E470539428AB81EC00884B56 /* MyPageModel.swift */,
				E4141AB928AF5199004D74B3 /* FAQ.swift */,
				E4C8AE6A28B35533007E010D /* User.swift */,
			);
			path = Model;
			sourceTree = "<group>";
		};
		DBD0825E2897E7740092241F /* Services */ = {
			isa = PBXGroup;
			children = (
				DBD0825F2897E7740092241F /* LoginService.swift */,
				E4C8AE6828B35519007E010D /* UserService.swift */,
			);
			path = Services;
			sourceTree = "<group>";
		};
		DBD082612897E77F0092241F /* Font */ = {
			isa = PBXGroup;
			children = (
				E46539E728AD3F2800F17A6C /* SFPro.ttf */,
				E46539E828AD3F2800F17A6C /* SFProText-Bold.otf */,
				DB05246728B47F58003209D4 /* SFProText-Semibold.otf */,
				E46539E628AD3F2800F17A6C /* SFProText-Regular.otf */,
			);
			path = Font;
			sourceTree = "<group>";
		};
		DBD082642897E7840092241F /* Resource */ = {
			isa = PBXGroup;
			children = (
				DBD082252897E6F30092241F /* Assets.xcassets */,
				DBD082612897E77F0092241F /* Font */,
			);
			path = Resource;
			sourceTree = "<group>";
		};
		DBE7A54828996BBF00E9A4E9 /* Authentication */ = {
			isa = PBXGroup;
			children = (
				DBE7A54928996BCE00E9A4E9 /* LoginViewController.swift */,
				DB797A98289B9BFF00ADF65F /* RegisterNameViewController.swift */,
				DB797A9A289BC0D800ADF65F /* RegisterCategoryViewController.swift */,
				DB53AE9E289F967700E9A5CC /* RegisterCompleteViewControlller.swift */,
			);
			path = Authentication;
			sourceTree = "<group>";
		};
		DBE7A54D28996BF500E9A4E9 /* Authentication */ = {
			isa = PBXGroup;
			children = (
				DBE7A54E28996C2000E9A4E9 /* CheckLabel.swift */,
			);
			path = Authentication;
			sourceTree = "<group>";
		};
		E4141AC728AF79E7004D74B3 /* Inquiry */ = {
			isa = PBXGroup;
			children = (
				E4141AC828AF79E7004D74B3 /* QNAViewController.swift */,
				E4141AC928AF79E7004D74B3 /* FAQViewController.swift */,
			);
			path = Inquiry;
			sourceTree = "<group>";
		};
		E46539DA28ACD77B00F17A6C /* Utils */ = {
			isa = PBXGroup;
			children = (
				DB563F9B28AD407400E7193D /* Extension.swift */,
				E46539D828ACD77600F17A6C /* Utilities.swift */,
				E4141AB228AF4499004D74B3 /* Storage.swift */,
			);
			path = Utils;
			sourceTree = "<group>";
		};
/* End PBXGroup section */

/* Begin PBXNativeTarget section */
		DBD082182897E6EE0092241F /* GreenRoom */ = {
			isa = PBXNativeTarget;
			buildConfigurationList = DBD0822D2897E6F30092241F /* Build configuration list for PBXNativeTarget "GreenRoom" */;
			buildPhases = (
				A7D9F5930400850A92E1D884 /* [CP] Check Pods Manifest.lock */,
				DBD082152897E6EE0092241F /* Sources */,
				DBD082162897E6EE0092241F /* Frameworks */,
				DBD082172897E6EE0092241F /* Resources */,
				0690B485A099600E4C89BFB2 /* [CP] Embed Pods Frameworks */,
			);
			buildRules = (
			);
			dependencies = (
			);
			name = GreenRoom;
			productName = GreenRoom;
			productReference = DBD082192897E6EE0092241F /* GreenRoom.app */;
			productType = "com.apple.product-type.application";
		};
/* End PBXNativeTarget section */

/* Begin PBXProject section */
		DBD082112897E6EE0092241F /* Project object */ = {
			isa = PBXProject;
			attributes = {
				BuildIndependentTargetsInParallel = 1;
				LastSwiftUpdateCheck = 1340;
				LastUpgradeCheck = 1340;
				TargetAttributes = {
					DBD082182897E6EE0092241F = {
						CreatedOnToolsVersion = 13.4.1;
					};
				};
			};
			buildConfigurationList = DBD082142897E6EE0092241F /* Build configuration list for PBXProject "GreenRoom" */;
			compatibilityVersion = "Xcode 13.0";
			developmentRegion = ko;
			hasScannedForEncodings = 0;
			knownRegions = (
				ko,
				Base,
			);
			mainGroup = DBD082102897E6EE0092241F;
			productRefGroup = DBD0821A2897E6EE0092241F /* Products */;
			projectDirPath = "";
			projectRoot = "";
			targets = (
				DBD082182897E6EE0092241F /* GreenRoom */,
			);
		};
/* End PBXProject section */

/* Begin PBXResourcesBuildPhase section */
		DBD082172897E6EE0092241F /* Resources */ = {
			isa = PBXResourcesBuildPhase;
			buildActionMask = 2147483647;
			files = (
				E46539EB28AD3F2800F17A6C /* SFProText-Bold.otf in Resources */,
				E46539E928AD3F2800F17A6C /* SFProText-Regular.otf in Resources */,
				E46539EA28AD3F2800F17A6C /* SFPro.ttf in Resources */,
				DBD082262897E6F30092241F /* Assets.xcassets in Resources */,
				DBD082292897E6F30092241F /* LaunchScreen.storyboard in Resources */,
			);
			runOnlyForDeploymentPostprocessing = 0;
		};
/* End PBXResourcesBuildPhase section */

/* Begin PBXShellScriptBuildPhase section */
		0690B485A099600E4C89BFB2 /* [CP] Embed Pods Frameworks */ = {
			isa = PBXShellScriptBuildPhase;
			buildActionMask = 2147483647;
			files = (
			);
			inputFileListPaths = (
				"${PODS_ROOT}/Target Support Files/Pods-GreenRoom/Pods-GreenRoom-frameworks-${CONFIGURATION}-input-files.xcfilelist",
			);
			name = "[CP] Embed Pods Frameworks";
			outputFileListPaths = (
				"${PODS_ROOT}/Target Support Files/Pods-GreenRoom/Pods-GreenRoom-frameworks-${CONFIGURATION}-output-files.xcfilelist",
			);
			runOnlyForDeploymentPostprocessing = 0;
			shellPath = /bin/sh;
			shellScript = "\"${PODS_ROOT}/Target Support Files/Pods-GreenRoom/Pods-GreenRoom-frameworks.sh\"\n";
			showEnvVarsInLog = 0;
		};
		A7D9F5930400850A92E1D884 /* [CP] Check Pods Manifest.lock */ = {
			isa = PBXShellScriptBuildPhase;
			buildActionMask = 2147483647;
			files = (
			);
			inputFileListPaths = (
			);
			inputPaths = (
				"${PODS_PODFILE_DIR_PATH}/Podfile.lock",
				"${PODS_ROOT}/Manifest.lock",
			);
			name = "[CP] Check Pods Manifest.lock";
			outputFileListPaths = (
			);
			outputPaths = (
				"$(DERIVED_FILE_DIR)/Pods-GreenRoom-checkManifestLockResult.txt",
			);
			runOnlyForDeploymentPostprocessing = 0;
			shellPath = /bin/sh;
			shellScript = "diff \"${PODS_PODFILE_DIR_PATH}/Podfile.lock\" \"${PODS_ROOT}/Manifest.lock\" > /dev/null\nif [ $? != 0 ] ; then\n    # print error to STDERR\n    echo \"error: The sandbox is not in sync with the Podfile.lock. Run 'pod install' or update your CocoaPods installation.\" >&2\n    exit 1\nfi\n# This output is used by Xcode 'outputs' to avoid re-running this script phase.\necho \"SUCCESS\" > \"${SCRIPT_OUTPUT_FILE_0}\"\n";
			showEnvVarsInLog = 0;
		};
/* End PBXShellScriptBuildPhase section */

/* Begin PBXSourcesBuildPhase section */
		DBD082152897E6EE0092241F /* Sources */ = {
			isa = PBXSourcesBuildPhase;
			buildActionMask = 2147483647;
			files = (
				DBD082512897E75B0092241F /* LoginViewModel.swift in Sources */,
				DBFB296E28B26F5B00B1DAC9 /* CustomSegmentedControl.swift in Sources */,
				DBFB297228B377EB00B1DAC9 /* CategoryFilterView.swift in Sources */,
				DB9CF9BE289E81FE0091B705 /* CateogryCell.swift in Sources */,
				E46539DC28ACDAD100F17A6C /* SetNotificationRow.swift in Sources */,
				E46539D928ACD77600F17A6C /* Utilities.swift in Sources */,
				E470539728AB856D00884B56 /* SettingHeader.swift in Sources */,
				DB563FA028AF841400E7193D /* RxAppleLoginProxy.swift in Sources */,
				DBFB296A28B2267A00B1DAC9 /* FilterItemsCell.swift in Sources */,
				DB563F9E28AE266D00E7193D /* CategoryViewModel.swift in Sources */,
				DB53AE9F289F967800E9A5CC /* RegisterCompleteViewControlller.swift in Sources */,
				E470539928AB882900884B56 /* SettingRow.swift in Sources */,
				DB563F9C28AD407400E7193D /* Extension.swift in Sources */,
				DBE7A54A28996BCE00E9A4E9 /* LoginViewController.swift in Sources */,
				DBFB297028B351F400B1DAC9 /* QuestionListCell.swift in Sources */,
				E470539528AB81EC00884B56 /* MyPageModel.swift in Sources */,
				DBD0825D2897E75B0092241F /* LoginModel.swift in Sources */,
				DBE7A54F28996C2000E9A4E9 /* CheckLabel.swift in Sources */,
				DBD082572897E75B0092241F /* KeywordViewController.swift in Sources */,
				DBD082522897E75B0092241F /* GreenViewModel.swift in Sources */,
				E4141ABC28AF528E004D74B3 /* FAQCell.swift in Sources */,
				E4141ABA28AF5199004D74B3 /* FAQ.swift in Sources */,
				DBBA9481289968CD00264405 /* PaddingLabel.swift in Sources */,
				DBD082542897E75B0092241F /* MyPageViewModel.swift in Sources */,
				E4141ACB28AF79E7004D74B3 /* FAQViewController.swift in Sources */,
				DBD082602897E7740092241F /* LoginService.swift in Sources */,
				DBD082592897E75B0092241F /* TempGreen.swift in Sources */,
				DBD0821D2897E6EE0092241F /* AppDelegate.swift in Sources */,
				E46539E428AD33C700F17A6C /* EditProfileInfoViewController.swift in Sources */,
				E4141AB328AF4499004D74B3 /* Storage.swift in Sources */,
				E4C8AE6B28B35533007E010D /* User.swift in Sources */,
				DB797A99289B9BFF00ADF65F /* RegisterNameViewController.swift in Sources */,
				DBD0825B2897E75B0092241F /* SearchBarView.swift in Sources */,
				DBD082532897E75B0092241F /* KeywordViewModel.swift in Sources */,
				DB797A9B289BC0D800ADF65F /* RegisterCategoryViewController.swift in Sources */,
				E4C8AE6928B35519007E010D /* UserService.swift in Sources */,
				DBD0821F2897E6EE0092241F /* SceneDelegate.swift in Sources */,
				E4141ACA28AF79E7004D74B3 /* QNAViewController.swift in Sources */,
				DBD0825A2897E75B0092241F /* ProfileCell.swift in Sources */,
				DBD082552897E75B0092241F /* GreenRoomViewController.swift in Sources */,
				DB563F9A28ABADDF00E7193D /* RxNaverThirdPartyLoginProxy.swift in Sources */,
				DBD082562897E75B0092241F /* MyPageViewController.swift in Sources */,
			);
			runOnlyForDeploymentPostprocessing = 0;
		};
/* End PBXSourcesBuildPhase section */

/* Begin PBXVariantGroup section */
		DBD082272897E6F30092241F /* LaunchScreen.storyboard */ = {
			isa = PBXVariantGroup;
			children = (
				DBD082282897E6F30092241F /* Base */,
			);
			name = LaunchScreen.storyboard;
			sourceTree = "<group>";
		};
/* End PBXVariantGroup section */

/* Begin XCBuildConfiguration section */
		DBD0822B2897E6F30092241F /* Debug */ = {
			isa = XCBuildConfiguration;
			buildSettings = {
				ALWAYS_SEARCH_USER_PATHS = NO;
				CLANG_ANALYZER_NONNULL = YES;
				CLANG_ANALYZER_NUMBER_OBJECT_CONVERSION = YES_AGGRESSIVE;
				CLANG_CXX_LANGUAGE_STANDARD = "gnu++17";
				CLANG_ENABLE_MODULES = YES;
				CLANG_ENABLE_OBJC_ARC = YES;
				CLANG_ENABLE_OBJC_WEAK = YES;
				CLANG_WARN_BLOCK_CAPTURE_AUTORELEASING = YES;
				CLANG_WARN_BOOL_CONVERSION = YES;
				CLANG_WARN_COMMA = YES;
				CLANG_WARN_CONSTANT_CONVERSION = YES;
				CLANG_WARN_DEPRECATED_OBJC_IMPLEMENTATIONS = YES;
				CLANG_WARN_DIRECT_OBJC_ISA_USAGE = YES_ERROR;
				CLANG_WARN_DOCUMENTATION_COMMENTS = YES;
				CLANG_WARN_EMPTY_BODY = YES;
				CLANG_WARN_ENUM_CONVERSION = YES;
				CLANG_WARN_INFINITE_RECURSION = YES;
				CLANG_WARN_INT_CONVERSION = YES;
				CLANG_WARN_NON_LITERAL_NULL_CONVERSION = YES;
				CLANG_WARN_OBJC_IMPLICIT_RETAIN_SELF = YES;
				CLANG_WARN_OBJC_LITERAL_CONVERSION = YES;
				CLANG_WARN_OBJC_ROOT_CLASS = YES_ERROR;
				CLANG_WARN_QUOTED_INCLUDE_IN_FRAMEWORK_HEADER = YES;
				CLANG_WARN_RANGE_LOOP_ANALYSIS = YES;
				CLANG_WARN_STRICT_PROTOTYPES = YES;
				CLANG_WARN_SUSPICIOUS_MOVE = YES;
				CLANG_WARN_UNGUARDED_AVAILABILITY = YES_AGGRESSIVE;
				CLANG_WARN_UNREACHABLE_CODE = YES;
				CLANG_WARN__DUPLICATE_METHOD_MATCH = YES;
				COPY_PHASE_STRIP = NO;
				DEBUG_INFORMATION_FORMAT = dwarf;
				ENABLE_STRICT_OBJC_MSGSEND = YES;
				ENABLE_TESTABILITY = YES;
				GCC_C_LANGUAGE_STANDARD = gnu11;
				GCC_DYNAMIC_NO_PIC = NO;
				GCC_NO_COMMON_BLOCKS = YES;
				GCC_OPTIMIZATION_LEVEL = 0;
				GCC_PREPROCESSOR_DEFINITIONS = (
					"DEBUG=1",
					"$(inherited)",
				);
				GCC_WARN_64_TO_32_BIT_CONVERSION = YES;
				GCC_WARN_ABOUT_RETURN_TYPE = YES_ERROR;
				GCC_WARN_UNDECLARED_SELECTOR = YES;
				GCC_WARN_UNINITIALIZED_AUTOS = YES_AGGRESSIVE;
				GCC_WARN_UNUSED_FUNCTION = YES;
				GCC_WARN_UNUSED_VARIABLE = YES;
				IPHONEOS_DEPLOYMENT_TARGET = 15.5;
				MTL_ENABLE_DEBUG_INFO = INCLUDE_SOURCE;
				MTL_FAST_MATH = YES;
				ONLY_ACTIVE_ARCH = YES;
				SDKROOT = iphoneos;
				SWIFT_ACTIVE_COMPILATION_CONDITIONS = DEBUG;
				SWIFT_OPTIMIZATION_LEVEL = "-Onone";
			};
			name = Debug;
		};
		DBD0822C2897E6F30092241F /* Release */ = {
			isa = XCBuildConfiguration;
			buildSettings = {
				ALWAYS_SEARCH_USER_PATHS = NO;
				CLANG_ANALYZER_NONNULL = YES;
				CLANG_ANALYZER_NUMBER_OBJECT_CONVERSION = YES_AGGRESSIVE;
				CLANG_CXX_LANGUAGE_STANDARD = "gnu++17";
				CLANG_ENABLE_MODULES = YES;
				CLANG_ENABLE_OBJC_ARC = YES;
				CLANG_ENABLE_OBJC_WEAK = YES;
				CLANG_WARN_BLOCK_CAPTURE_AUTORELEASING = YES;
				CLANG_WARN_BOOL_CONVERSION = YES;
				CLANG_WARN_COMMA = YES;
				CLANG_WARN_CONSTANT_CONVERSION = YES;
				CLANG_WARN_DEPRECATED_OBJC_IMPLEMENTATIONS = YES;
				CLANG_WARN_DIRECT_OBJC_ISA_USAGE = YES_ERROR;
				CLANG_WARN_DOCUMENTATION_COMMENTS = YES;
				CLANG_WARN_EMPTY_BODY = YES;
				CLANG_WARN_ENUM_CONVERSION = YES;
				CLANG_WARN_INFINITE_RECURSION = YES;
				CLANG_WARN_INT_CONVERSION = YES;
				CLANG_WARN_NON_LITERAL_NULL_CONVERSION = YES;
				CLANG_WARN_OBJC_IMPLICIT_RETAIN_SELF = YES;
				CLANG_WARN_OBJC_LITERAL_CONVERSION = YES;
				CLANG_WARN_OBJC_ROOT_CLASS = YES_ERROR;
				CLANG_WARN_QUOTED_INCLUDE_IN_FRAMEWORK_HEADER = YES;
				CLANG_WARN_RANGE_LOOP_ANALYSIS = YES;
				CLANG_WARN_STRICT_PROTOTYPES = YES;
				CLANG_WARN_SUSPICIOUS_MOVE = YES;
				CLANG_WARN_UNGUARDED_AVAILABILITY = YES_AGGRESSIVE;
				CLANG_WARN_UNREACHABLE_CODE = YES;
				CLANG_WARN__DUPLICATE_METHOD_MATCH = YES;
				COPY_PHASE_STRIP = NO;
				DEBUG_INFORMATION_FORMAT = "dwarf-with-dsym";
				ENABLE_NS_ASSERTIONS = NO;
				ENABLE_STRICT_OBJC_MSGSEND = YES;
				GCC_C_LANGUAGE_STANDARD = gnu11;
				GCC_NO_COMMON_BLOCKS = YES;
				GCC_WARN_64_TO_32_BIT_CONVERSION = YES;
				GCC_WARN_ABOUT_RETURN_TYPE = YES_ERROR;
				GCC_WARN_UNDECLARED_SELECTOR = YES;
				GCC_WARN_UNINITIALIZED_AUTOS = YES_AGGRESSIVE;
				GCC_WARN_UNUSED_FUNCTION = YES;
				GCC_WARN_UNUSED_VARIABLE = YES;
				IPHONEOS_DEPLOYMENT_TARGET = 15.5;
				MTL_ENABLE_DEBUG_INFO = NO;
				MTL_FAST_MATH = YES;
				SDKROOT = iphoneos;
				SWIFT_COMPILATION_MODE = wholemodule;
				SWIFT_OPTIMIZATION_LEVEL = "-O";
				VALIDATE_PRODUCT = YES;
			};
			name = Release;
		};
		DBD0822E2897E6F30092241F /* Debug */ = {
			isa = XCBuildConfiguration;
			baseConfigurationReference = 01F73F46BE997DB9539026B9 /* Pods-GreenRoom.debug.xcconfig */;
			buildSettings = {
				ASSETCATALOG_COMPILER_APPICON_NAME = AppIcon;
				ASSETCATALOG_COMPILER_GLOBAL_ACCENT_COLOR_NAME = AccentColor;
				CODE_SIGN_ENTITLEMENTS = GreenRoom/GreenRoom.entitlements;
				CODE_SIGN_STYLE = Automatic;
				CURRENT_PROJECT_VERSION = 1;
				DEVELOPMENT_TEAM = V2YNV9QV27;
				GENERATE_INFOPLIST_FILE = YES;
				INFOPLIST_FILE = GreenRoom/Info.plist;
				INFOPLIST_KEY_UIApplicationSupportsIndirectInputEvents = YES;
				INFOPLIST_KEY_UILaunchStoryboardName = LaunchScreen;
				INFOPLIST_KEY_UISupportedInterfaceOrientations_iPad = "UIInterfaceOrientationPortrait UIInterfaceOrientationPortraitUpsideDown UIInterfaceOrientationLandscapeLeft UIInterfaceOrientationLandscapeRight";
				INFOPLIST_KEY_UISupportedInterfaceOrientations_iPhone = "UIInterfaceOrientationPortrait UIInterfaceOrientationLandscapeLeft UIInterfaceOrientationLandscapeRight";
				LD_RUNPATH_SEARCH_PATHS = (
					"$(inherited)",
					"@executable_path/Frameworks",
				);
				MARKETING_VERSION = 1.0;
				PRODUCT_BUNDLE_IDENTIFIER = GreenRoom.GreenRoom;
				PRODUCT_NAME = "$(TARGET_NAME)";
				SWIFT_EMIT_LOC_STRINGS = YES;
				SWIFT_VERSION = 5.0;
				TARGETED_DEVICE_FAMILY = "1,2";
			};
			name = Debug;
		};
		DBD0822F2897E6F30092241F /* Release */ = {
			isa = XCBuildConfiguration;
			baseConfigurationReference = C657AA73E3298A49BA775B7C /* Pods-GreenRoom.release.xcconfig */;
			buildSettings = {
				ASSETCATALOG_COMPILER_APPICON_NAME = AppIcon;
				ASSETCATALOG_COMPILER_GLOBAL_ACCENT_COLOR_NAME = AccentColor;
				CODE_SIGN_ENTITLEMENTS = GreenRoom/GreenRoom.entitlements;
				CODE_SIGN_STYLE = Automatic;
				CURRENT_PROJECT_VERSION = 1;
				DEVELOPMENT_TEAM = V2YNV9QV27;
				GENERATE_INFOPLIST_FILE = YES;
				INFOPLIST_FILE = GreenRoom/Info.plist;
				INFOPLIST_KEY_UIApplicationSupportsIndirectInputEvents = YES;
				INFOPLIST_KEY_UILaunchStoryboardName = LaunchScreen;
				INFOPLIST_KEY_UISupportedInterfaceOrientations_iPad = "UIInterfaceOrientationPortrait UIInterfaceOrientationPortraitUpsideDown UIInterfaceOrientationLandscapeLeft UIInterfaceOrientationLandscapeRight";
				INFOPLIST_KEY_UISupportedInterfaceOrientations_iPhone = "UIInterfaceOrientationPortrait UIInterfaceOrientationLandscapeLeft UIInterfaceOrientationLandscapeRight";
				LD_RUNPATH_SEARCH_PATHS = (
					"$(inherited)",
					"@executable_path/Frameworks",
				);
				MARKETING_VERSION = 1.0;
				PRODUCT_BUNDLE_IDENTIFIER = GreenRoom.GreenRoom;
				PRODUCT_NAME = "$(TARGET_NAME)";
				SWIFT_EMIT_LOC_STRINGS = YES;
				SWIFT_VERSION = 5.0;
				TARGETED_DEVICE_FAMILY = "1,2";
			};
			name = Release;
		};
/* End XCBuildConfiguration section */

/* Begin XCConfigurationList section */
		DBD082142897E6EE0092241F /* Build configuration list for PBXProject "GreenRoom" */ = {
			isa = XCConfigurationList;
			buildConfigurations = (
				DBD0822B2897E6F30092241F /* Debug */,
				DBD0822C2897E6F30092241F /* Release */,
			);
			defaultConfigurationIsVisible = 0;
			defaultConfigurationName = Release;
		};
		DBD0822D2897E6F30092241F /* Build configuration list for PBXNativeTarget "GreenRoom" */ = {
			isa = XCConfigurationList;
			buildConfigurations = (
				DBD0822E2897E6F30092241F /* Debug */,
				DBD0822F2897E6F30092241F /* Release */,
			);
			defaultConfigurationIsVisible = 0;
			defaultConfigurationName = Release;
		};
/* End XCConfigurationList section */
	};
	rootObject = DBD082112897E6EE0092241F /* Project object */;
}
